
Microsoft Visual Studio Solution File, Format Version 12.00
Project("{FAE04EC0-301F-11D3-BF4B-00C04F79EFBC}") = "UWS-Common", "UWS-Common.csproj", "{938E1197-3A91-4BA8-B431-7C5DED8B682B}"
EndProject
Global
	GlobalSection(SolutionConfigurationPlatforms) = preSolution
		Debug|Any CPU = Debug|Any CPU
		Release|Any CPU = Release|Any CPU
	EndGlobalSection
	GlobalSection(ProjectConfigurationPlatforms) = postSolution
		{938E1197-3A91-4BA8-B431-7C5DED8B682B}.Debug|Any CPU.ActiveCfg = Debug|Any CPU
		{938E1197-3A91-4BA8-B431-7C5DED8B682B}.Debug|Any CPU.Build.0 = Debug|Any CPU
		{938E1197-3A91-4BA8-B431-7C5DED8B682B}.Release|Any CPU.ActiveCfg = Release|Any CPU
		{938E1197-3A91-4BA8-B431-7C5DED8B682B}.Release|Any CPU.Build.0 = Release|Any CPU
	EndGlobalSection
EndGlobal
